{
    "_readme": [
        "This file locks the dependencies of your project to a known state",
        "Read more about it at https://getcomposer.org/doc/01-basic-usage.md#installing-dependencies",
        "This file is @generated automatically"
    ],
    "content-hash": "fff1e7abf94cad79794cd06b1656ff71",
    "packages": [
        {
            "name": "agallou/robo-hash",
            "version": "v0.0.1",
            "source": {
                "type": "git",
                "url": "https://github.com/agallou/robo-hash.git",
                "reference": "1c711767bb48cfac5a68863d6dc6f722a61fb42d"
            },
            "dist": {
                "type": "zip",
                "url": "https://api.github.com/repos/agallou/robo-hash/zipball/1c711767bb48cfac5a68863d6dc6f722a61fb42d",
                "reference": "1c711767bb48cfac5a68863d6dc6f722a61fb42d",
                "shasum": ""
            },
            "type": "library",
            "autoload": {
                "psr-4": {
                    "Agallou\\RoboHash\\": "src"
                }
            },
            "notification-url": "https://packagist.org/downloads/",
            "license": [
                "MIT"
            ],
            "authors": [
                {
                    "name": "Adrien Gallou",
                    "email": "adriengallou@gmail.com"
                }
            ],
            "time": "2015-08-29T19:07:47+00:00"
        },
        {
            "name": "beelab/bowerphp",
            "version": "v0.5.3",
            "source": {
                "type": "git",
                "url": "https://github.com/Bee-Lab/bowerphp.git",
                "reference": "d8950d65377818fc97052b3b73deac433837fee2"
            },
            "dist": {
                "type": "zip",
                "url": "https://api.github.com/repos/Bee-Lab/bowerphp/zipball/d8950d65377818fc97052b3b73deac433837fee2",
                "reference": "d8950d65377818fc97052b3b73deac433837fee2",
                "shasum": ""
            },
            "require": {
                "ext-fileinfo": "*",
                "ext-zip": "*",
                "knplabs/github-api": "^1.4",
                "php": ">=5.6",
                "samsonasik/package-versions": "^1.1",
                "symfony/console": "^2.7|^3.0",
                "symfony/filesystem": "^2.7|^3.0",
                "symfony/finder": "^2.7|^3.0",
                "symfony/process": "^2.7|^3.0",
                "vierbergenlars/php-semver": "^3.0"
            },
            "require-dev": {
                "ext-phar": "*",
                "friendsofphp/php-cs-fixer": "^2.0",
                "mockery/mockery": "^1.0@dev",
                "phpunit/phpunit": "^5.7|^6.0"
            },
            "bin": [
                "bin/bowerphp"
            ],
            "type": "library",
            "extra": {
                "branch-alias": {
                    "dev-master": "1.0-dev"
                }
            },
            "autoload": {
                "psr-4": {
                    "Bowerphp\\": "src/Bowerphp"
                }
            },
            "notification-url": "https://packagist.org/downloads/",
            "license": [
                "MIT"
            ],
            "authors": [
                {
                    "name": "Massimiliano Arione",
                    "email": "massimiliano.arione@bee-lab.net"
                },
                {
                    "name": "Mauro D'Alatri",
                    "email": "mauro.dalatri@bee-lab.net"
                },
                {
                    "name": "The Community",
                    "homepage": "https://github.com/Bee-Lab/bowerphp/graphs/contributors"
                }
            ],
            "description": "An implementation of bower in PHP",
            "homepage": "https://bowerphp.github.io/",
            "keywords": [
                "bower",
                "dependency",
                "frontend",
                "package"
            ],
            "time": "2017-09-26T13:50:17+00:00"
        },
        {
            "name": "codegyre/robo",
            "version": "0.7.2",
            "source": {
                "type": "git",
                "url": "https://github.com/consolidation-org/Robo.git",
                "reference": "9982edecb19f59420031dd9855b0d31e861b8b68"
            },
            "dist": {
                "type": "zip",
                "url": "https://api.github.com/repos/consolidation-org/Robo/zipball/9982edecb19f59420031dd9855b0d31e861b8b68",
                "reference": "9982edecb19f59420031dd9855b0d31e861b8b68",
                "shasum": ""
            },
            "require": {
                "henrikbjorn/lurker": "~1.0",
                "php": ">=5.4.0",
                "symfony/console": "~2.5|~3.0",
                "symfony/filesystem": "~2.5|~3.0",
                "symfony/finder": "~2.5|~3.0",
                "symfony/process": "~2.5|~3.0"
            },
            "require-dev": {
                "codeception/aspect-mock": "0.5.4",
                "codeception/base": "~2.1.5",
                "codeception/verify": "0.2.*",
                "natxet/cssmin": "~3.0",
                "patchwork/jsqueeze": "~1.0",
                "pear/archive_tar": "~1.0"
            },
            "suggest": {
                "pear/archive_tar": "Allows tar archives to be created and extracted in taskPack and taskExtract, respectively."
            },
            "bin": [
                "robo"
            ],
            "type": "library",
            "autoload": {
                "psr-4": {
                    "Robo\\": "src"
                }
            },
            "notification-url": "https://packagist.org/downloads/",
            "license": [
                "MIT"
            ],
            "authors": [
                {
                    "name": "Davert",
                    "email": "davert.php@resend.cc"
                }
            ],
            "description": "Modern task runner",
            "abandoned": "consolidation/robo",
            "time": "2016-04-13T20:14:17+00:00"
        },
        {
            "name": "composer/installers",
            "version": "v1.0.6",
            "source": {
                "type": "git",
                "url": "https://github.com/composer/installers.git",
                "reference": "b3bd071ea114a57212c75aa6a2eef5cfe0cc798f"
            },
            "dist": {
                "type": "zip",
                "url": "https://api.github.com/repos/composer/installers/zipball/b3bd071ea114a57212c75aa6a2eef5cfe0cc798f",
                "reference": "b3bd071ea114a57212c75aa6a2eef5cfe0cc798f",
                "shasum": ""
            },
            "replace": {
                "shama/baton": "*"
            },
            "require-dev": {
                "composer/composer": "1.0.*@dev",
                "phpunit/phpunit": "3.7.*"
            },
            "type": "composer-installer",
            "extra": {
                "class": "Composer\\Installers\\Installer",
                "branch-alias": {
                    "dev-master": "1.0-dev"
                }
            },
            "autoload": {
                "psr-0": {
                    "Composer\\Installers\\": "src/"
                }
            },
            "notification-url": "https://packagist.org/downloads/",
            "license": [
                "MIT"
            ],
            "authors": [
                {
                    "name": "Kyle Robinson Young",
                    "email": "kyle@dontkry.com",
                    "homepage": "https://github.com/shama",
                    "role": "Developer"
                }
            ],
            "description": "A multi-framework Composer library installer",
            "homepage": "http://composer.github.com/installers/",
            "keywords": [
                "TYPO3 CMS",
                "TYPO3 Flow",
                "TYPO3 Neos",
                "agl",
                "cakephp",
                "codeigniter",
                "drupal",
                "fuelphp",
                "installer",
                "joomla",
                "kohana",
                "laravel",
                "li3",
                "lithium",
                "mako",
                "modulework",
                "phpbb",
                "ppi",
                "silverstripe",
                "symfony",
                "wordpress",
                "zend"
            ],
            "time": "2013-08-20T04:37:09+00:00"
        },
        {
            "name": "guzzle/guzzle",
            "version": "v3.9.3",
            "source": {
                "type": "git",
                "url": "https://github.com/guzzle/guzzle3.git",
                "reference": "0645b70d953bc1c067bbc8d5bc53194706b628d9"
            },
            "dist": {
                "type": "zip",
                "url": "https://api.github.com/repos/guzzle/guzzle3/zipball/0645b70d953bc1c067bbc8d5bc53194706b628d9",
                "reference": "0645b70d953bc1c067bbc8d5bc53194706b628d9",
                "shasum": ""
            },
            "require": {
                "ext-curl": "*",
                "php": ">=5.3.3",
                "symfony/event-dispatcher": "~2.1"
            },
            "replace": {
                "guzzle/batch": "self.version",
                "guzzle/cache": "self.version",
                "guzzle/common": "self.version",
                "guzzle/http": "self.version",
                "guzzle/inflection": "self.version",
                "guzzle/iterator": "self.version",
                "guzzle/log": "self.version",
                "guzzle/parser": "self.version",
                "guzzle/plugin": "self.version",
                "guzzle/plugin-async": "self.version",
                "guzzle/plugin-backoff": "self.version",
                "guzzle/plugin-cache": "self.version",
                "guzzle/plugin-cookie": "self.version",
                "guzzle/plugin-curlauth": "self.version",
                "guzzle/plugin-error-response": "self.version",
                "guzzle/plugin-history": "self.version",
                "guzzle/plugin-log": "self.version",
                "guzzle/plugin-md5": "self.version",
                "guzzle/plugin-mock": "self.version",
                "guzzle/plugin-oauth": "self.version",
                "guzzle/service": "self.version",
                "guzzle/stream": "self.version"
            },
            "require-dev": {
                "doctrine/cache": "~1.3",
                "monolog/monolog": "~1.0",
                "phpunit/phpunit": "3.7.*",
                "psr/log": "~1.0",
                "symfony/class-loader": "~2.1",
                "zendframework/zend-cache": "2.*,<2.3",
                "zendframework/zend-log": "2.*,<2.3"
            },
            "suggest": {
                "guzzlehttp/guzzle": "Guzzle 5 has moved to a new package name. The package you have installed, Guzzle 3, is deprecated."
            },
            "type": "library",
            "extra": {
                "branch-alias": {
                    "dev-master": "3.9-dev"
                }
            },
            "autoload": {
                "psr-0": {
                    "Guzzle": "src/",
                    "Guzzle\\Tests": "tests/"
                }
            },
            "notification-url": "https://packagist.org/downloads/",
            "license": [
                "MIT"
            ],
            "authors": [
                {
                    "name": "Michael Dowling",
                    "email": "mtdowling@gmail.com",
                    "homepage": "https://github.com/mtdowling"
                },
                {
                    "name": "Guzzle Community",
                    "homepage": "https://github.com/guzzle/guzzle/contributors"
                }
            ],
            "description": "PHP HTTP client. This library is deprecated in favor of https://packagist.org/packages/guzzlehttp/guzzle",
            "homepage": "http://guzzlephp.org/",
            "keywords": [
                "client",
                "curl",
                "framework",
                "http",
                "http client",
                "rest",
                "web service"
            ],
            "abandoned": "guzzlehttp/guzzle",
            "time": "2015-03-18T18:23:50+00:00"
        },
        {
            "name": "henrikbjorn/lurker",
            "version": "dev-fix-is-dir",
            "source": {
                "type": "git",
                "url": "https://github.com/agallou/Lurker.git",
                "reference": "398ec2944a40df91b30ed1ceda06111d71d5f42f"
            },
            "dist": {
                "type": "zip",
                "url": "https://api.github.com/repos/agallou/Lurker/zipball/398ec2944a40df91b30ed1ceda06111d71d5f42f",
                "reference": "398ec2944a40df91b30ed1ceda06111d71d5f42f",
                "shasum": ""
            },
            "require": {
                "php": ">=5.3.3",
                "symfony/config": "^2.2|^3.0",
                "symfony/event-dispatcher": "^2.2|^3.0"
            },
            "suggest": {
                "ext-inotify": ">=0.1.6"
            },
            "type": "library",
            "extra": {
                "branch-alias": {
                    "dev-master": "1.0.x-dev"
                }
            },
            "autoload": {
                "psr-0": {
                    "Lurker": "src"
                }
            },
            "license": [
                "MIT"
            ],
            "authors": [
                {
                    "name": "Konstantin Kudryashov",
                    "email": "ever.zet@gmail.com"
                },
                {
                    "name": "Yaroslav Kiliba",
                    "email": "om.dattaya@gmail.com"
                },
                {
                    "name": "Henrik Bjrnskov",
                    "email": "henrik@bjrnskov.dk"
                }
            ],
            "description": "Resource Watcher.",
            "keywords": [
                "filesystem",
                "resource",
                "watching"
            ],
            "support": {
                "source": "https://github.com/agallou/Lurker/tree/fix-is-dir"
            },
            "time": "2021-01-31T08:56:15+00:00"
        },
        {
            "name": "knplabs/github-api",
            "version": "1.4.15",
            "source": {
                "type": "git",
                "url": "https://github.com/KnpLabs/php-github-api.git",
                "reference": "313d7ed61494f525ab93cfd8595ec2d398533220"
            },
            "dist": {
                "type": "zip",
                "url": "https://api.github.com/repos/KnpLabs/php-github-api/zipball/313d7ed61494f525ab93cfd8595ec2d398533220",
                "reference": "313d7ed61494f525ab93cfd8595ec2d398533220",
                "shasum": ""
            },
            "require": {
                "ext-curl": "*",
                "guzzle/guzzle": "~3.7",
                "php": ">=5.3.2"
            },
            "require-dev": {
                "phpunit/phpunit": "~4.0"
            },
            "suggest": {
                "knplabs/gaufrette": "Needed for optional Gaufrette cache"
            },
            "type": "library",
            "extra": {
                "branch-alias": {
                    "dev-master": "1.4.x-dev"
                }
            },
            "autoload": {
                "psr-4": {
                    "Github\\": "lib/Github/"
                }
            },
            "notification-url": "https://packagist.org/downloads/",
            "license": [
                "MIT"
            ],
            "authors": [
                {
                    "name": "Thibault Duplessis",
                    "email": "thibault.duplessis@gmail.com",
                    "homepage": "http://ornicar.github.com"
                },
                {
                    "name": "KnpLabs Team",
                    "homepage": "http://knplabs.com"
                }
            ],
            "description": "GitHub API v3 client",
            "homepage": "https://github.com/KnpLabs/php-github-api",
            "keywords": [
                "api",
                "gh",
                "gist",
                "github"
            ],
            "time": "2015-08-20T09:44:33+00:00"
        },
        {
            "name": "leafo/scssphp",
            "version": "v0.2.0",
            "source": {
                "type": "git",
                "url": "https://github.com/leafo/scssphp.git",
                "reference": "7df0b8c0d14cdb99fc4a0f32d919faabdd2dda64"
            },
            "dist": {
                "type": "zip",
                "url": "https://api.github.com/repos/leafo/scssphp/zipball/7df0b8c0d14cdb99fc4a0f32d919faabdd2dda64",
                "reference": "7df0b8c0d14cdb99fc4a0f32d919faabdd2dda64",
                "shasum": ""
            },
            "require": {
                "php": ">=5.3.0"
            },
            "require-dev": {
                "kherge/box": "~2.5",
                "phpunit/phpunit": "~3.7",
                "squizlabs/php_codesniffer": "~2.3"
            },
            "bin": [
                "bin/pscss"
            ],
            "type": "library",
            "autoload": {
                "classmap": [
                    "classmap.php"
                ],
                "psr-4": {
                    "Leafo\\ScssPhp\\": "src/"
                }
            },
            "notification-url": "https://packagist.org/downloads/",
            "license": [
                "MIT"
            ],
            "authors": [
                {
                    "name": "Leaf Corcoran",
                    "email": "leafot@gmail.com",
                    "homepage": "http://leafo.net"
                }
            ],
            "description": "scssphp is a compiler for SCSS written in PHP.",
            "homepage": "http://leafo.github.io/scssphp/",
            "keywords": [
                "css",
                "less",
                "sass",
                "scss",
                "stylesheet"
            ],
            "abandoned": "scssphp/scssphp",
            "time": "2015-08-25T15:37:56+00:00"
        },
        {
            "name": "natxet/cssmin",
            "version": "v3.0.4",
            "source": {
                "type": "git",
                "url": "https://github.com/natxet/CssMin.git",
                "reference": "92de3fe3ccb4f8298d31952490ef7d5395855c39"
            },
            "dist": {
                "type": "zip",
                "url": "https://api.github.com/repos/natxet/CssMin/zipball/92de3fe3ccb4f8298d31952490ef7d5395855c39",
                "reference": "92de3fe3ccb4f8298d31952490ef7d5395855c39",
                "shasum": ""
            },
            "require": {
                "php": ">=5.0"
            },
            "type": "library",
            "extra": {
                "branch-alias": {
                    "dev-master": "3.0-dev"
                }
            },
            "autoload": {
                "classmap": [
                    "src/"
                ]
            },
            "notification-url": "https://packagist.org/downloads/",
            "license": [
                "MIT"
            ],
            "authors": [
                {
                    "name": "Joe Scylla",
                    "email": "joe.scylla@gmail.com",
                    "homepage": "https://profiles.google.com/joe.scylla"
                }
            ],
            "description": "Minifying CSS",
            "homepage": "http://code.google.com/p/cssmin/",
            "keywords": [
                "css",
                "minify"
            ],
            "time": "2015-09-25T11:13:11+00:00"
        },
        {
            "name": "omCrossAppUrlPlugin",
            "version": "1.0.2",
            "source": {
                "type": "git",
                "url": "https://github.com/Symfony-Plugins/omCrossAppUrlPlugin.git",
                "reference": "master"
            },
            "require": {
                "composer/installers": "*"
            },
            "type": "symfony1-plugin"
        },
        {
            "name": "openlss/func-format",
            "version": "0.0.8",
            "source": {
                "type": "git",
                "url": "https://github.com/openlss/func-format.git",
                "reference": "dcb22f619746d28d6c0eedf3315a42f2ba718323"
            },
            "dist": {
                "type": "zip",
                "url": "https://api.github.com/repos/openlss/func-format/zipball/dcb22f619746d28d6c0eedf3315a42f2ba718323",
                "reference": "dcb22f619746d28d6c0eedf3315a42f2ba718323",
                "shasum": ""
            },
            "require": {
                "php": ">=5.3.2"
            },
            "require-dev": {
                "openlss/core-boot": "~0.0.1"
            },
            "type": "library",
            "autoload": {
                "files": [
                    "func/format.php"
                ]
            },
            "notification-url": "https://packagist.org/downloads/",
            "license": [
                "LGPL-3.0+"
            ],
            "authors": [
                {
                    "name": "Bryan Tong",
                    "email": "contact@nullivex.com",
                    "homepage": "http://bryantong.com"
                },
                {
                    "name": "Tony Butler",
                    "email": "spudz76@gmail.com",
                    "homepage": "http://openlss.org"
                }
            ],
            "description": "Display formatting functions",
            "homepage": "http://openlss.org",
            "keywords": [
                "byte format",
                "format",
                "ip format"
            ],
            "time": "2013-04-07T02:54:56+00:00"
        },
        {
            "name": "patchwork/jsqueeze",
            "version": "v2.0.3",
            "source": {
                "type": "git",
                "url": "https://github.com/tchwork/jsqueeze.git",
                "reference": "074a7ac403d1fae262fd662c43c04b62d71c3e50"
            },
            "dist": {
                "type": "zip",
                "url": "https://api.github.com/repos/tchwork/jsqueeze/zipball/074a7ac403d1fae262fd662c43c04b62d71c3e50",
                "reference": "074a7ac403d1fae262fd662c43c04b62d71c3e50",
                "shasum": ""
            },
            "require": {
                "php": ">=5.3.0"
            },
            "type": "library",
            "extra": {
                "branch-alias": {
                    "dev-master": "2.0-dev"
                }
            },
            "autoload": {
                "psr-4": {
                    "Patchwork\\": "src/"
                }
            },
            "notification-url": "https://packagist.org/downloads/",
            "license": [
                "(Apache-2.0 or GPL-2.0)"
            ],
            "authors": [
                {
                    "name": "Nicolas Grekas",
                    "email": "p@tchwork.com"
                }
            ],
            "description": "Efficient JavaScript minification in PHP",
            "homepage": "https://github.com/tchwork/jsqueeze",
            "keywords": [
                "compression",
                "javascript",
                "minification"
            ],
            "abandoned": true,
            "time": "2015-08-20T11:07:02+00:00"
        },
        {
            "name": "phing/phing",
            "version": "2.6.1",
            "source": {
                "type": "git",
                "url": "https://github.com/phingofficial/phing.git",
                "reference": "3f7d71bf561bafea39087250f777b349438cc32e"
            },
            "dist": {
                "type": "zip",
                "url": "https://api.github.com/repos/phingofficial/phing/zipball/3f7d71bf561bafea39087250f777b349438cc32e",
                "reference": "3f7d71bf561bafea39087250f777b349438cc32e",
                "shasum": ""
            },
            "require": {
                "php": ">=5.2.0"
            },
            "bin": [
                "bin/phing"
            ],
            "type": "library",
            "autoload": {
                "classmap": [
                    "classes/phing/"
                ]
            },
            "notification-url": "https://packagist.org/downloads/",
            "include-path": [
                "classes"
            ],
            "license": [
                "LGPL3"
            ],
            "authors": [
                {
                    "name": "Michiel Rook",
                    "email": "mrook@php.net",
                    "role": "Lead"
                },
                {
                    "name": "Phing Community",
                    "homepage": "http://www.phing.info/trac/wiki/Development/Contributors"
                }
            ],
            "description": "PHing Is Not GNU make; it's a PHP project build system or build tool based on Apache Ant.",
            "homepage": "http://www.phing.info/",
            "keywords": [
                "build",
                "task",
                "tool"
            ],
            "time": "2013-08-26T21:13:03+00:00"
        },
        {
            "name": "propel/propel1",
            "version": "1.6.9",
            "source": {
                "type": "git",
                "url": "https://github.com/propelorm/Propel.git",
                "reference": "8b6a304acddafe83b7ae780a7860601a08a1e252"
            },
            "dist": {
                "type": "zip",
                "url": "https://api.github.com/repos/propelorm/Propel/zipball/8b6a304acddafe83b7ae780a7860601a08a1e252",
                "reference": "8b6a304acddafe83b7ae780a7860601a08a1e252",
                "shasum": ""
            },
            "require": {
                "phing/phing": "~2.4",
                "php": ">=5.2.4"
            },
            "bin": [
                "generator/bin/propel-gen",
                "generator/bin/propel-gen.bat"
            ],
            "type": "library",
            "extra": {
                "branch-alias": {
                    "dev-master": "1.6-dev"
                }
            },
            "autoload": {
                "classmap": [
                    "runtime/lib",
                    "generator/lib"
                ]
            },
            "notification-url": "https://packagist.org/downloads/",
            "include-path": [
                "runtime/lib",
                "generator/lib"
            ],
            "license": [
                "MIT"
            ],
            "authors": [
                {
                    "name": "William Durand",
                    "email": "william.durand1@gmail.com",
                    "homepage": "http://www.willdurand.fr"
                }
            ],
            "description": "Propel is an open-source Object-Relational Mapping (ORM) for PHP5.",
            "homepage": "http://www.propelorm.org/",
            "keywords": [
                "Active Record",
                "database",
                "mapping",
                "orm",
                "persistence"
            ],
            "time": "2013-03-31T17:25:18+00:00"
        },
        {
            "name": "propel/sf-propel-o-r-m-plugin",
            "version": "dev-master",
            "source": {
                "type": "git",
                "url": "https://github.com/propelorm/sfPropelORMPlugin.git",
                "reference": "603f8008fd75f5ef00747cd31b44aba0f3ecffc1"
            },
            "dist": {
                "type": "zip",
                "url": "https://api.github.com/repos/propelorm/sfPropelORMPlugin/zipball/603f8008fd75f5ef00747cd31b44aba0f3ecffc1",
                "reference": "603f8008fd75f5ef00747cd31b44aba0f3ecffc1",
                "shasum": ""
            },
            "require": {
                "composer/installers": "*",
                "propel/propel1": "~1.6"
            },
            "type": "symfony1-plugin",
            "extra": {
                "branch-alias": {
                    "dev-master": "1.5-dev"
                }
            },
            "notification-url": "https://packagist.org/downloads/",
            "description": "symfony 1.x plugin for Propel.",
            "homepage": "http://www.propelorm.org/",
            "keywords": [
                "Active Record",
                "database",
                "mapping",
                "orm",
                "persistence",
                "propel",
                "symfony"
            ],
            "time": "2019-03-19T19:53:01+00:00"
        },
        {
            "name": "samsonasik/package-versions",
            "version": "1.1.0",
            "source": {
                "type": "git",
                "url": "https://github.com/samsonasik/PackageVersions.git",
                "reference": "1dab884977464613383afe0e4be571cdef2317fc"
            },
            "dist": {
                "type": "zip",
                "url": "https://api.github.com/repos/samsonasik/PackageVersions/zipball/1dab884977464613383afe0e4be571cdef2317fc",
                "reference": "1dab884977464613383afe0e4be571cdef2317fc",
                "shasum": ""
            },
            "require": {
                "composer-plugin-api": "^1.0",
                "php": "^5.6 || ^7.0"
            },
            "replace": {
                "ocramius/package-versions": ">=1.0.0"
            },
            "require-dev": {
                "composer/composer": "^1.0.0-ALPHA11@ALPHA",
                "phpunit/phpunit": "^5.2.8"
            },
            "type": "composer-plugin",
            "extra": {
                "class": "PackageVersions\\Installer",
                "branch-alias": {
                    "dev-master": "2.0.x-dev"
                }
            },
            "autoload": {
                "psr-4": {
                    "PackageVersions\\": "src/PackageVersions"
                }
            },
            "notification-url": "https://packagist.org/downloads/",
            "license": [
                "MIT"
            ],
            "authors": [
                {
                    "name": "Marco Pivetta",
                    "email": "ocramius@gmail.com"
                }
            ],
            "description": "A backport of ocramius/package-versions that supports php ^5.6. Composer plugin that provides efficient querying for installed package versions (no runtime IO)",
            "time": "2016-07-21T12:03:58+00:00"
        },
        {
            "name": "sfGuardPlugin",
            "version": "4.0.2",
            "source": {
                "type": "git",
                "url": "https://github.com/rdavaillaud/sfGuardPlugin-1.3.git",
                "reference": "5cb6c41cacd99436d1152faa459011e3dbd6ee66"
            },
            "require": {
                "composer/installers": "*"
            },
            "type": "symfony1-plugin"
        },
        {
            "name": "symfony/config",
            "version": "v2.7.5",
            "source": {
                "type": "git",
                "url": "https://github.com/symfony/config.git",
                "reference": "0327509ffd6d37354ec9acefcd946db7caaabdb7"
            },
            "dist": {
                "type": "zip",
                "url": "https://api.github.com/repos/symfony/config/zipball/0327509ffd6d37354ec9acefcd946db7caaabdb7",
                "reference": "0327509ffd6d37354ec9acefcd946db7caaabdb7",
                "shasum": ""
            },
            "require": {
                "php": ">=5.3.9",
                "symfony/filesystem": "~2.3"
            },
            "require-dev": {
                "symfony/phpunit-bridge": "~2.7"
            },
            "type": "library",
            "extra": {
                "branch-alias": {
                    "dev-master": "2.7-dev"
                }
            },
            "autoload": {
                "psr-4": {
                    "Symfony\\Component\\Config\\": ""
                }
            },
            "notification-url": "https://packagist.org/downloads/",
            "license": [
                "MIT"
            ],
            "authors": [
                {
                    "name": "Fabien Potencier",
                    "email": "fabien@symfony.com"
                },
                {
                    "name": "Symfony Community",
                    "homepage": "https://symfony.com/contributors"
                }
            ],
            "description": "Symfony Config Component",
            "homepage": "https://symfony.com",
            "time": "2015-09-21T15:02:29+00:00"
        },
        {
            "name": "symfony/console",
            "version": "v2.7.5",
            "source": {
                "type": "git",
                "url": "https://github.com/symfony/console.git",
                "reference": "06cb17c013a82f94a3d840682b49425cd00a2161"
            },
            "dist": {
                "type": "zip",
                "url": "https://api.github.com/repos/symfony/console/zipball/06cb17c013a82f94a3d840682b49425cd00a2161",
                "reference": "06cb17c013a82f94a3d840682b49425cd00a2161",
                "shasum": ""
            },
            "require": {
                "php": ">=5.3.9"
            },
            "require-dev": {
                "psr/log": "~1.0",
                "symfony/event-dispatcher": "~2.1",
                "symfony/phpunit-bridge": "~2.7",
                "symfony/process": "~2.1"
            },
            "suggest": {
                "psr/log": "For using the console logger",
                "symfony/event-dispatcher": "",
                "symfony/process": ""
            },
            "type": "library",
            "extra": {
                "branch-alias": {
                    "dev-master": "2.7-dev"
                }
            },
            "autoload": {
                "psr-4": {
                    "Symfony\\Component\\Console\\": ""
                }
            },
            "notification-url": "https://packagist.org/downloads/",
            "license": [
                "MIT"
            ],
            "authors": [
                {
                    "name": "Fabien Potencier",
                    "email": "fabien@symfony.com"
                },
                {
                    "name": "Symfony Community",
                    "homepage": "https://symfony.com/contributors"
                }
            ],
            "description": "Symfony Console Component",
            "homepage": "https://symfony.com",
            "time": "2015-09-25T08:32:23+00:00"
        },
        {
            "name": "symfony/event-dispatcher",
            "version": "v2.7.5",
            "source": {
                "type": "git",
                "url": "https://github.com/symfony/event-dispatcher.git",
                "reference": "ae4dcc2a8d3de98bd794167a3ccda1311597c5d9"
            },
            "dist": {
                "type": "zip",
                "url": "https://api.github.com/repos/symfony/event-dispatcher/zipball/ae4dcc2a8d3de98bd794167a3ccda1311597c5d9",
                "reference": "ae4dcc2a8d3de98bd794167a3ccda1311597c5d9",
                "shasum": ""
            },
            "require": {
                "php": ">=5.3.9"
            },
            "require-dev": {
                "psr/log": "~1.0",
                "symfony/config": "~2.0,>=2.0.5",
                "symfony/dependency-injection": "~2.6",
                "symfony/expression-language": "~2.6",
                "symfony/phpunit-bridge": "~2.7",
                "symfony/stopwatch": "~2.3"
            },
            "suggest": {
                "symfony/dependency-injection": "",
                "symfony/http-kernel": ""
            },
            "type": "library",
            "extra": {
                "branch-alias": {
                    "dev-master": "2.7-dev"
                }
            },
            "autoload": {
                "psr-4": {
                    "Symfony\\Component\\EventDispatcher\\": ""
                }
            },
            "notification-url": "https://packagist.org/downloads/",
            "license": [
                "MIT"
            ],
            "authors": [
                {
                    "name": "Fabien Potencier",
                    "email": "fabien@symfony.com"
                },
                {
                    "name": "Symfony Community",
                    "homepage": "https://symfony.com/contributors"
                }
            ],
            "description": "Symfony EventDispatcher Component",
            "homepage": "https://symfony.com",
            "time": "2015-09-22T13:49:29+00:00"
        },
        {
            "name": "symfony/filesystem",
            "version": "v2.7.5",
            "source": {
                "type": "git",
                "url": "https://github.com/symfony/filesystem.git",
                "reference": "a17f8a17c20e8614c15b8e116e2f4bcde102cfab"
            },
            "dist": {
                "type": "zip",
                "url": "https://api.github.com/repos/symfony/filesystem/zipball/a17f8a17c20e8614c15b8e116e2f4bcde102cfab",
                "reference": "a17f8a17c20e8614c15b8e116e2f4bcde102cfab",
                "shasum": ""
            },
            "require": {
                "php": ">=5.3.9"
            },
            "require-dev": {
                "symfony/phpunit-bridge": "~2.7"
            },
            "type": "library",
            "extra": {
                "branch-alias": {
                    "dev-master": "2.7-dev"
                }
            },
            "autoload": {
                "psr-4": {
                    "Symfony\\Component\\Filesystem\\": ""
                }
            },
            "notification-url": "https://packagist.org/downloads/",
            "license": [
                "MIT"
            ],
            "authors": [
                {
                    "name": "Fabien Potencier",
                    "email": "fabien@symfony.com"
                },
                {
                    "name": "Symfony Community",
                    "homepage": "https://symfony.com/contributors"
                }
            ],
            "description": "Symfony Filesystem Component",
            "homepage": "https://symfony.com",
            "time": "2015-09-09T17:42:36+00:00"
        },
        {
            "name": "symfony/finder",
            "version": "v2.7.5",
            "source": {
                "type": "git",
                "url": "https://github.com/symfony/finder.git",
                "reference": "8262ab605973afbb3ef74b945daabf086f58366f"
            },
            "dist": {
                "type": "zip",
                "url": "https://api.github.com/repos/symfony/finder/zipball/8262ab605973afbb3ef74b945daabf086f58366f",
                "reference": "8262ab605973afbb3ef74b945daabf086f58366f",
                "shasum": ""
            },
            "require": {
                "php": ">=5.3.9"
            },
            "require-dev": {
                "symfony/phpunit-bridge": "~2.7"
            },
            "type": "library",
            "extra": {
                "branch-alias": {
                    "dev-master": "2.7-dev"
                }
            },
            "autoload": {
                "psr-4": {
                    "Symfony\\Component\\Finder\\": ""
                }
            },
            "notification-url": "https://packagist.org/downloads/",
            "license": [
                "MIT"
            ],
            "authors": [
                {
                    "name": "Fabien Potencier",
                    "email": "fabien@symfony.com"
                },
                {
                    "name": "Symfony Community",
                    "homepage": "https://symfony.com/contributors"
                }
            ],
            "description": "Symfony Finder Component",
            "homepage": "https://symfony.com",
            "time": "2015-09-19T19:59:23+00:00"
        },
        {
            "name": "symfony/process",
            "version": "v2.7.5",
            "source": {
                "type": "git",
                "url": "https://github.com/symfony/process.git",
                "reference": "b27c8e317922cd3cdd3600850273cf6b82b2e8e9"
            },
            "dist": {
                "type": "zip",
                "url": "https://api.github.com/repos/symfony/process/zipball/b27c8e317922cd3cdd3600850273cf6b82b2e8e9",
                "reference": "b27c8e317922cd3cdd3600850273cf6b82b2e8e9",
                "shasum": ""
            },
            "require": {
                "php": ">=5.3.9"
            },
            "require-dev": {
                "symfony/phpunit-bridge": "~2.7"
            },
            "type": "library",
            "extra": {
                "branch-alias": {
                    "dev-master": "2.7-dev"
                }
            },
            "autoload": {
                "psr-4": {
                    "Symfony\\Component\\Process\\": ""
                }
            },
            "notification-url": "https://packagist.org/downloads/",
            "license": [
                "MIT"
            ],
            "authors": [
                {
                    "name": "Fabien Potencier",
                    "email": "fabien@symfony.com"
                },
                {
                    "name": "Symfony Community",
                    "homepage": "https://symfony.com/contributors"
                }
            ],
            "description": "Symfony Process Component",
            "homepage": "https://symfony.com",
            "time": "2015-09-19T19:59:23+00:00"
        },
        {
            "name": "symfony/symfony1",
            "version": "v1.4.20",
            "dist": {
                "type": "zip",
                "url": "https://github.com/symfony/symfony1/archive/v1.4.20.zip"
            },
            "type": "library"
        },
        {
            "name": "vierbergenlars/php-semver",
            "version": "3.0.1",
            "source": {
                "type": "git",
                "url": "https://github.com/vierbergenlars/php-semver.git",
                "reference": "516bb3061577e60e9420cbecc479362d3ad8c7f1"
            },
            "dist": {
                "type": "zip",
                "url": "https://api.github.com/repos/vierbergenlars/php-semver/zipball/516bb3061577e60e9420cbecc479362d3ad8c7f1",
                "reference": "516bb3061577e60e9420cbecc479362d3ad8c7f1",
                "shasum": ""
            },
            "require": {
                "php": ">=5.3.0"
            },
            "require-dev": {
                "simpletest/simpletest": "1.1.*"
            },
            "bin": [
                "bin/semver",
                "bin/update-versions"
            ],
            "type": "library",
            "autoload": {
                "psr-0": {
                    "vierbergenlars\\SemVer\\": "src/",
                    "vierbergenlars\\LibJs\\": "src/"
                },
                "classmap": [
                    "src/vierbergenlars/SemVer/internal.php"
                ]
            },
            "notification-url": "https://packagist.org/downloads/",
            "license": [
                "MIT"
            ],
            "authors": [
                {
                    "name": "Lars Vierbergen",
                    "email": "vierbergenlars@gmail.com"
                }
            ],
            "description": "The Semantic Versioner for PHP",
            "keywords": [
                "semantic",
                "semver",
                "versioning"
            ],
            "time": "2015-05-02T19:28:54+00:00"
        }
    ],
    "packages-dev": [
        {
            "name": "atoum/atoum",
            "version": "dev-master",
            "source": {
                "type": "git",
                "url": "https://github.com/atoum/atoum.git",
                "reference": "e88ce0e6b709627c7727a766967e183052855145"
            },
            "dist": {
                "type": "zip",
                "url": "https://api.github.com/repos/atoum/atoum/zipball/e88ce0e6b709627c7727a766967e183052855145",
                "reference": "e88ce0e6b709627c7727a766967e183052855145",
                "shasum": ""
            },
            "require": {
                "ext-hash": "*",
                "ext-json": "*",
                "ext-session": "*",
                "ext-tokenizer": "*",
                "ext-xml": "*",
                "php": ">=5.3.3"
            },
            "replace": {
                "mageekguy/atoum": "*"
            },
            "suggest": {
                "ext-mbstring": "Provides support for UTF-8 strings"
            },
            "bin": [
                "bin/atoum"
            ],
            "type": "library",
            "autoload": {
                "classmap": [
                    "classes/"
                ]
            },
            "notification-url": "https://packagist.org/downloads/",
            "license": [
                "BSD"
            ],
            "authors": [
                {
                    "name": "Frédéric Hardy",
                    "email": "frederic.hardy@atoum.org",
                    "homepage": "http://blog.mageekbox.net"
                },
                {
                    "name": "François Dussert",
                    "email": "francois.dussert@atoum.org"
                },
                {
                    "name": "Gérald Croes",
                    "email": "gerald.croes@atoum.org"
                },
                {
                    "name": "Julien Bianchi",
                    "email": "julien.bianchi@atoum.org"
                },
                {
                    "name": "Ludovic Fleury",
                    "email": "ludovic.fleury@atoum.org"
                }
            ],
            "description": "Simple modern and intuitive unit testing framework for PHP 5.3+",
            "homepage": "http://www.atoum.org",
            "keywords": [
                "TDD",
                "atoum",
                "test",
                "unit testing"
            ],
            "time": "2013-09-23T09:49:40+00:00"
        },
        {
            "name": "atoum/sfatoumplugin",
            "version": "dev-master",
            "source": {
                "type": "git",
                "url": "https://github.com/agallou/sfAtoumPlugin.git",
                "reference": "3f26a87cf192a4f3f276c687629203a326ea5330"
            },
            "dist": {
                "type": "zip",
                "url": "https://api.github.com/repos/agallou/sfAtoumPlugin/zipball/3f26a87cf192a4f3f276c687629203a326ea5330",
                "reference": "3f26a87cf192a4f3f276c687629203a326ea5330",
                "shasum": ""
            },
            "require": {
                "composer/installers": "*",
                "mageekguy/atoum": "*"
            },
            "type": "symfony1-plugin",
            "notification-url": "https://packagist.org/downloads/",
            "time": "2012-11-30T08:32:39+00:00"
        },
        {
            "name": "camspiers/json-pretty",
            "version": "1.0.1",
            "source": {
                "type": "git",
                "url": "https://github.com/camspiers/json-pretty.git",
                "reference": "73c0bd55ca966f31f79d690a4b0aabaf98ad5d94"
            },
            "dist": {
                "type": "zip",
                "url": "https://api.github.com/repos/camspiers/json-pretty/zipball/73c0bd55ca966f31f79d690a4b0aabaf98ad5d94",
                "reference": "73c0bd55ca966f31f79d690a4b0aabaf98ad5d94",
                "shasum": ""
            },
            "require-dev": {
                "phpunit/phpunit": "~4.0"
            },
            "type": "library",
            "autoload": {
                "psr-0": {
                    "Camspiers": "src/"
                }
            },
            "notification-url": "https://packagist.org/downloads/",
            "license": [
                "MIT"
            ],
            "authors": [
                {
                    "name": "Cam Spiers",
                    "email": "cameron@heyday.co.nz"
                }
            ],
            "description": "Provides support for json pretty printing",
            "time": "2015-09-17T16:05:48+00:00"
        },
        {
            "name": "elXHProfPlugin",
            "version": "1.0.0",
            "source": {
                "type": "git",
                "url": "https://github.com/Symfony-Plugins/elXHProfPlugin.git",
                "reference": "master"
            },
            "require": {
                "composer/installers": "*"
            },
            "type": "symfony1-plugin"
        }
    ],
    "aliases": [
        {
            "alias": "1.0.0",
            "alias_normalized": "1.0.0.0",
            "version": "dev-fix-is-dir",
            "package": "henrikbjorn/lurker"
        }
    ],
    "minimum-stability": "stable",
    "stability-flags": {
        "propel/sf-propel-o-r-m-plugin": 20,
        "henrikbjorn/lurker": 20,
        "atoum/sfatoumplugin": 20,
        "atoum/atoum": 20
    },
    "prefer-stable": false,
    "prefer-lowest": false,
    "platform": [],
    "platform-dev": [],
    "plugin-api-version": "1.1.0"
}
